// !$*UTF8*$!
{
	archiveVersion = 1;
	classes = {
	};
	objectVersion = 77;
	objects = {

/* Begin PBXBuildFile section */
		8AF23CA92EC63C4A007BE58E /* Assets.xcassets in Resources */ = {isa = PBXBuildFile; fileRef = 8AF23CA62EC63C4A007BE58E /* Assets.xcassets */; };
		8AF23CAA2EC63C4A007BE58E /* ContentView.swift in Sources */ = {isa = PBXBuildFile; fileRef = 8AF23CA42EC63C4A007BE58E /* ContentView.swift */; };
		8AF23CAB2EC63C4A007BE58E /* CountryLookupApp.swift in Sources */ = {isa = PBXBuildFile; fileRef = 8AF23CA72EC63C4A007BE58E /* CountryLookupApp.swift */; };
		8AF23CAE2EC63C4F007BE58E /* CountryLookupTests.swift in Sources */ = {isa = PBXBuildFile; fileRef = 8AF23CAC2EC63C4F007BE58E /* CountryLookupTests.swift */; };
		8AF23CB22EC63C52007BE58E /* CountryLookupUITests.swift in Sources */ = {isa = PBXBuildFile; fileRef = 8AF23CAF2EC63C52007BE58E /* CountryLookupUITests.swift */; };
		8AF23CB32EC63C52007BE58E /* CountryLookupUITestsLaunchTests.swift in Sources */ = {isa = PBXBuildFile; fileRef = 8AF23CB02EC63C52007BE58E /* CountryLookupUITestsLaunchTests.swift */; };
/* End PBXBuildFile section */

/* Begin PBXContainerItemProxy section */
		8AF23C772EC63AA7007BE58E /* PBXContainerItemProxy */ = {
			isa = PBXContainerItemProxy;
			containerPortal = 8AF23C612EC63AA5007BE58E /* Project object */;
			proxyType = 1;
			remoteGlobalIDString = 8AF23C682EC63AA6007BE58E;
			remoteInfo = CountryLookup;
		};
		8AF23C812EC63AA7007BE58E /* PBXContainerItemProxy */ = {
			isa = PBXContainerItemProxy;
			containerPortal = 8AF23C612EC63AA5007BE58E /* Project object */;
			proxyType = 1;
			remoteGlobalIDString = 8AF23C682EC63AA6007BE58E;
			remoteInfo = CountryLookup;
		};
/* End PBXContainerItemProxy section */

/* Begin PBXFileReference section */
		8AF23C692EC63AA6007BE58E /* CountryLookup.app */ = {isa = PBXFileReference; explicitFileType = wrapper.application; includeInIndex = 0; path = CountryLookup.app; sourceTree = BUILT_PRODUCTS_DIR; };
		8AF23C762EC63AA7007BE58E /* CountryLookupTests.xctest */ = {isa = PBXFileReference; explicitFileType = wrapper.cfbundle; includeInIndex = 0; path = CountryLookupTests.xctest; sourceTree = BUILT_PRODUCTS_DIR; };
		8AF23C802EC63AA7007BE58E /* CountryLookupUITests.xctest */ = {isa = PBXFileReference; explicitFileType = wrapper.cfbundle; includeInIndex = 0; path = CountryLookupUITests.xctest; sourceTree = BUILT_PRODUCTS_DIR; };
		8AF23CA42EC63C4A007BE58E /* ContentView.swift */ = {isa = PBXFileReference; lastKnownFileType = sourcecode.swift; path = ContentView.swift; sourceTree = "<group>"; };
		8AF23CA62EC63C4A007BE58E /* Assets.xcassets */ = {isa = PBXFileReference; lastKnownFileType = folder.assetcatalog; path = Assets.xcassets; sourceTree = "<group>"; };
		8AF23CA72EC63C4A007BE58E /* CountryLookupApp.swift */ = {isa = PBXFileReference; lastKnownFileType = sourcecode.swift; path = CountryLookupApp.swift; sourceTree = "<group>"; };
		8AF23CAC2EC63C4F007BE58E /* CountryLookupTests.swift */ = {isa = PBXFileReference; lastKnownFileType = sourcecode.swift; path = CountryLookupTests.swift; sourceTree = "<group>"; };
		8AF23CAF2EC63C52007BE58E /* CountryLookupUITests.swift */ = {isa = PBXFileReference; lastKnownFileType = sourcecode.swift; path = CountryLookupUITests.swift; sourceTree = "<group>"; };
		8AF23CB02EC63C52007BE58E /* CountryLookupUITestsLaunchTests.swift */ = {isa = PBXFileReference; lastKnownFileType = sourcecode.swift; path = CountryLookupUITestsLaunchTests.swift; sourceTree = "<group>"; };
/* End PBXFileReference section */

/* Begin PBXFrameworksBuildPhase section */
		8AF23C662EC63AA6007BE58E /* Frameworks */ = {
			isa = PBXFrameworksBuildPhase;
			buildActionMask = 2147483647;
			files = (
			);
			runOnlyForDeploymentPostprocessing = 0;
		};
		8AF23C732EC63AA7007BE58E /* Frameworks */ = {
			isa = PBXFrameworksBuildPhase;
			buildActionMask = 2147483647;
			files = (
			);
			runOnlyForDeploymentPostprocessing = 0;
		};
		8AF23C7D2EC63AA7007BE58E /* Frameworks */ = {
			isa = PBXFrameworksBuildPhase;
			buildActionMask = 2147483647;
			files = (
			);
			runOnlyForDeploymentPostprocessing = 0;
		};
/* End PBXFrameworksBuildPhase section */

/* Begin PBXGroup section */
		8AF23C602EC63AA5007BE58E = {
			isa = PBXGroup;
			children = (
				8AF23CA82EC63C4A007BE58E /* CountryLookup */,
				8AF23CAD2EC63C4F007BE58E /* CountryLookupTests */,
				8AF23CB12EC63C52007BE58E /* CountryLookupUITests */,
				8AF23C6A2EC63AA6007BE58E /* Products */,
			);
			sourceTree = "<group>";
		};
		8AF23C6A2EC63AA6007BE58E /* Products */ = {
			isa = PBXGroup;
			children = (
				8AF23C692EC63AA6007BE58E /* CountryLookup.app */,
				8AF23C762EC63AA7007BE58E /* CountryLookupTests.xctest */,
				8AF23C802EC63AA7007BE58E /* CountryLookupUITests.xctest */,
			);
			name = Products;
			sourceTree = "<group>";
		};
		8AF23CA22EC63C4A007BE58E /* Core */ = {
			isa = PBXGroup;
			children = (
				8AF23CA72EC63C4A007BE58E /* CountryLookupApp.swift */,
			);
			path = Core;
			sourceTree = "<group>";
		};
		8AF23CA32EC63C4A007BE58E /* Resources */ = {
			isa = PBXGroup;
			children = (
				8AF23CA62EC63C4A007BE58E /* Assets.xcassets */,
			);
			path = Resources;
			sourceTree = "<group>";
		};
		8AF23CA52EC63C4A007BE58E /* Scenes */ = {
			isa = PBXGroup;
			children = (
				8AF23CA42EC63C4A007BE58E /* ContentView.swift */,
			);
			path = Scenes;
			sourceTree = "<group>";
		};
		8AF23CA82EC63C4A007BE58E /* CountryLookup */ = {
			isa = PBXGroup;
			children = (
				8AF23CA22EC63C4A007BE58E /* Core */,
				8AF23CA32EC63C4A007BE58E /* Resources */,
				8AF23CA52EC63C4A007BE58E /* Scenes */,
			);
			path = CountryLookup;
			sourceTree = "<group>";
		};
		8AF23CAD2EC63C4F007BE58E /* CountryLookupTests */ = {
			isa = PBXGroup;
			children = (
				8AF23CAC2EC63C4F007BE58E /* CountryLookupTests.swift */,
			);
			path = CountryLookupTests;
			sourceTree = "<group>";
		};
		8AF23CB12EC63C52007BE58E /* CountryLookupUITests */ = {
			isa = PBXGroup;
			children = (
				8AF23CAF2EC63C52007BE58E /* CountryLookupUITests.swift */,
				8AF23CB02EC63C52007BE58E /* CountryLookupUITestsLaunchTests.swift */,
			);
			path = CountryLookupUITests;
			sourceTree = "<group>";
		};
/* End PBXGroup section */

/* Begin PBXNativeTarget section */
		8AF23C682EC63AA6007BE58E /* CountryLookup */ = {
			isa = PBXNativeTarget;
			buildConfigurationList = 8AF23C8A2EC63AA7007BE58E /* Build configuration list for PBXNativeTarget "CountryLookup" */;
			buildPhases = (
				8AF23C652EC63AA6007BE58E /* Sources */,
				8AF23C662EC63AA6007BE58E /* Frameworks */,
				8AF23C672EC63AA6007BE58E /* Resources */,
			);
			buildRules = (
			);
			dependencies = (
			);
			name = CountryLookup;
			packageProductDependencies = (
			);
			productName = CountryLookup;
			productReference = 8AF23C692EC63AA6007BE58E /* CountryLookup.app */;
			productType = "com.apple.product-type.application";
		};
		8AF23C752EC63AA7007BE58E /* CountryLookupTests */ = {
			isa = PBXNativeTarget;
			buildConfigurationList = 8AF23C8D2EC63AA7007BE58E /* Build configuration list for PBXNativeTarget "CountryLookupTests" */;
			buildPhases = (
				8AF23C722EC63AA7007BE58E /* Sources */,
				8AF23C732EC63AA7007BE58E /* Frameworks */,
				8AF23C742EC63AA7007BE58E /* Resources */,
			);
			buildRules = (
			);
			dependencies = (
				8AF23C782EC63AA7007BE58E /* PBXTargetDependency */,
			);
			name = CountryLookupTests;
			packageProductDependencies = (
			);
			productName = CountryLookupTests;
			productReference = 8AF23C762EC63AA7007BE58E /* CountryLookupTests.xctest */;
			productType = "com.apple.product-type.bundle.unit-test";
		};
		8AF23C7F2EC63AA7007BE58E /* CountryLookupUITests */ = {
			isa = PBXNativeTarget;
			buildConfigurationList = 8AF23C902EC63AA7007BE58E /* Build configuration list for PBXNativeTarget "CountryLookupUITests" */;
			buildPhases = (
				8AF23C7C2EC63AA7007BE58E /* Sources */,
				8AF23C7D2EC63AA7007BE58E /* Frameworks */,
				8AF23C7E2EC63AA7007BE58E /* Resources */,
			);
			buildRules = (
			);
			dependencies = (
				8AF23C822EC63AA7007BE58E /* PBXTargetDependency */,
			);
			name = CountryLookupUITests;
			packageProductDependencies = (
			);
			productName = CountryLookupUITests;
			productReference = 8AF23C802EC63AA7007BE58E /* CountryLookupUITests.xctest */;
			productType = "com.apple.product-type.bundle.ui-testing";
		};
/* End PBXNativeTarget section */

/* Begin PBXProject section */
		8AF23C612EC63AA5007BE58E /* Project object */ = {
			isa = PBXProject;
			attributes = {
				BuildIndependentTargetsInParallel = 1;
				LastSwiftUpdateCheck = 2610;
				LastUpgradeCheck = 2610;
				TargetAttributes = {
					8AF23C682EC63AA6007BE58E = {
						CreatedOnToolsVersion = 26.1.1;
					};
					8AF23C752EC63AA7007BE58E = {
						CreatedOnToolsVersion = 26.1.1;
						TestTargetID = 8AF23C682EC63AA6007BE58E;
					};
					8AF23C7F2EC63AA7007BE58E = {
						CreatedOnToolsVersion = 26.1.1;
						TestTargetID = 8AF23C682EC63AA6007BE58E;
					};
				};
			};
			buildConfigurationList = 8AF23C642EC63AA5007BE58E /* Build configuration list for PBXProject "CountryLookup" */;
			developmentRegion = en;
			hasScannedForEncodings = 0;
			knownRegions = (
				en,
				Base,
			);
			mainGroup = 8AF23C602EC63AA5007BE58E;
			minimizedProjectReferenceProxies = 1;
			preferredProjectObjectVersion = 77;
			productRefGroup = 8AF23C6A2EC63AA6007BE58E /* Products */;
			projectDirPath = "";
			projectRoot = "";
			targets = (
				8AF23C682EC63AA6007BE58E /* CountryLookup */,
				8AF23C752EC63AA7007BE58E /* CountryLookupTests */,
				8AF23C7F2EC63AA7007BE58E /* CountryLookupUITests */,
			);
		};
/* End PBXProject section */

/* Begin PBXResourcesBuildPhase section */
		8AF23C672EC63AA6007BE58E /* Resources */ = {
			isa = PBXResourcesBuildPhase;
			buildActionMask = 2147483647;
			files = (
				8AF23CA92EC63C4A007BE58E /* Assets.xcassets in Resources */,
			);
			runOnlyForDeploymentPostprocessing = 0;
		};
		8AF23C742EC63AA7007BE58E /* Resources */ = {
			isa = PBXResourcesBuildPhase;
			buildActionMask = 2147483647;
			files = (
			);
			runOnlyForDeploymentPostprocessing = 0;
		};
		8AF23C7E2EC63AA7007BE58E /* Resources */ = {
			isa = PBXResourcesBuildPhase;
			buildActionMask = 2147483647;
			files = (
			);
			runOnlyForDeploymentPostprocessing = 0;
		};
/* End PBXResourcesBuildPhase section */

/* Begin PBXSourcesBuildPhase section */
		8AF23C652EC63AA6007BE58E /* Sources */ = {
			isa = PBXSourcesBuildPhase;
			buildActionMask = 2147483647;
			files = (
				8AF23CAA2EC63C4A007BE58E /* ContentView.swift in Sources */,
				8AF23CAB2EC63C4A007BE58E /* CountryLookupApp.swift in Sources */,
			);
			runOnlyForDeploymentPostprocessing = 0;
		};
		8AF23C722EC63AA7007BE58E /* Sources */ = {
			isa = PBXSourcesBuildPhase;
			buildActionMask = 2147483647;
			files = (
				8AF23CAE2EC63C4F007BE58E /* CountryLookupTests.swift in Sources */,
			);
			runOnlyForDeploymentPostprocessing = 0;
		};
		8AF23C7C2EC63AA7007BE58E /* Sources */ = {
			isa = PBXSourcesBuildPhase;
			buildActionMask = 2147483647;
			files = (
				8AF23CB22EC63C52007BE58E /* CountryLookupUITests.swift in Sources */,
				8AF23CB32EC63C52007BE58E /* CountryLookupUITestsLaunchTests.swift in Sources */,
			);
			runOnlyForDeploymentPostprocessing = 0;
		};
/* End PBXSourcesBuildPhase section */

/* Begin PBXTargetDependency section */
		8AF23C782EC63AA7007BE58E /* PBXTargetDependency */ = {
			isa = PBXTargetDependency;
			target = 8AF23C682EC63AA6007BE58E /* CountryLookup */;
			targetProxy = 8AF23C772EC63AA7007BE58E /* PBXContainerItemProxy */;
		};
		8AF23C822EC63AA7007BE58E /* PBXTargetDependency */ = {
			isa = PBXTargetDependency;
			target = 8AF23C682EC63AA6007BE58E /* CountryLookup */;
			targetProxy = 8AF23C812EC63AA7007BE58E /* PBXContainerItemProxy */;
		};
/* End PBXTargetDependency section */

/* Begin XCBuildConfiguration section */
		8AF23C882EC63AA7007BE58E /* Debug */ = {
			isa = XCBuildConfiguration;
			buildSettings = {
				ALWAYS_SEARCH_USER_PATHS = NO;
				ASSETCATALOG_COMPILER_GENERATE_SWIFT_ASSET_SYMBOL_EXTENSIONS = YES;
				CLANG_ANALYZER_NONNULL = YES;
				CLANG_ANALYZER_NUMBER_OBJECT_CONVERSION = YES_AGGRESSIVE;
				CLANG_CXX_LANGUAGE_STANDARD = "gnu++20";
				CLANG_ENABLE_MODULES = YES;
				CLANG_ENABLE_OBJC_ARC = YES;
				CLANG_ENABLE_OBJC_WEAK = YES;
				CLANG_WARN_BLOCK_CAPTURE_AUTORELEASING = YES;
				CLANG_WARN_BOOL_CONVERSION = YES;
				CLANG_WARN_COMMA = YES;
				CLANG_WARN_CONSTANT_CONVERSION = YES;
				CLANG_WARN_DEPRECATED_OBJC_IMPLEMENTATIONS = YES;
				CLANG_WARN_DIRECT_OBJC_ISA_USAGE = YES_ERROR;
				CLANG_WARN_DOCUMENTATION_COMMENTS = YES;
				CLANG_WARN_EMPTY_BODY = YES;
				CLANG_WARN_ENUM_CONVERSION = YES;
				CLANG_WARN_INFINITE_RECURSION = YES;
				CLANG_WARN_INT_CONVERSION = YES;
				CLANG_WARN_NON_LITERAL_NULL_CONVERSION = YES;
				CLANG_WARN_OBJC_IMPLICIT_RETAIN_SELF = YES;
				CLANG_WARN_OBJC_LITERAL_CONVERSION = YES;
				CLANG_WARN_OBJC_ROOT_CLASS = YES_ERROR;
				CLANG_WARN_QUOTED_INCLUDE_IN_FRAMEWORK_HEADER = YES;
				CLANG_WARN_RANGE_LOOP_ANALYSIS = YES;
				CLANG_WARN_STRICT_PROTOTYPES = YES;
				CLANG_WARN_SUSPICIOUS_MOVE = YES;
				CLANG_WARN_UNGUARDED_AVAILABILITY = YES_AGGRESSIVE;
				CLANG_WARN_UNREACHABLE_CODE = YES;
				CLANG_WARN__DUPLICATE_METHOD_MATCH = YES;
				COPY_PHASE_STRIP = NO;
				DEBUG_INFORMATION_FORMAT = dwarf;
				ENABLE_STRICT_OBJC_MSGSEND = YES;
				ENABLE_TESTABILITY = YES;
				ENABLE_USER_SCRIPT_SANDBOXING = YES;
				GCC_C_LANGUAGE_STANDARD = gnu17;
				GCC_DYNAMIC_NO_PIC = NO;
				GCC_NO_COMMON_BLOCKS = YES;
				GCC_OPTIMIZATION_LEVEL = 0;
				GCC_PREPROCESSOR_DEFINITIONS = (
					"DEBUG=1",
					"$(inherited)",
				);
				GCC_WARN_64_TO_32_BIT_CONVERSION = YES;
				GCC_WARN_ABOUT_RETURN_TYPE = YES_ERROR;
				GCC_WARN_UNDECLARED_SELECTOR = YES;
				GCC_WARN_UNINITIALIZED_AUTOS = YES_AGGRESSIVE;
				GCC_WARN_UNUSED_FUNCTION = YES;
				GCC_WARN_UNUSED_VARIABLE = YES;
				IPHONEOS_DEPLOYMENT_TARGET = 26.1;
				LOCALIZATION_PREFERS_STRING_CATALOGS = YES;
				MTL_ENABLE_DEBUG_INFO = INCLUDE_SOURCE;
				MTL_FAST_MATH = YES;
				ONLY_ACTIVE_ARCH = YES;
				SDKROOT = iphoneos;
				SWIFT_ACTIVE_COMPILATION_CONDITIONS = "DEBUG $(inherited)";
				SWIFT_OPTIMIZATION_LEVEL = "-Onone";
			};
			name = Debug;
		};
		8AF23C892EC63AA7007BE58E /* Release */ = {
			isa = XCBuildConfiguration;
			buildSettings = {
				ALWAYS_SEARCH_USER_PATHS = NO;
				ASSETCATALOG_COMPILER_GENERATE_SWIFT_ASSET_SYMBOL_EXTENSIONS = YES;
				CLANG_ANALYZER_NONNULL = YES;
				CLANG_ANALYZER_NUMBER_OBJECT_CONVERSION = YES_AGGRESSIVE;
				CLANG_CXX_LANGUAGE_STANDARD = "gnu++20";
				CLANG_ENABLE_MODULES = YES;
				CLANG_ENABLE_OBJC_ARC = YES;
				CLANG_ENABLE_OBJC_WEAK = YES;
				CLANG_WARN_BLOCK_CAPTURE_AUTORELEASING = YES;
				CLANG_WARN_BOOL_CONVERSION = YES;
				CLANG_WARN_COMMA = YES;
				CLANG_WARN_CONSTANT_CONVERSION = YES;
				CLANG_WARN_DEPRECATED_OBJC_IMPLEMENTATIONS = YES;
				CLANG_WARN_DIRECT_OBJC_ISA_USAGE = YES_ERROR;
				CLANG_WARN_DOCUMENTATION_COMMENTS = YES;
				CLANG_WARN_EMPTY_BODY = YES;
				CLANG_WARN_ENUM_CONVERSION = YES;
				CLANG_WARN_INFINITE_RECURSION = YES;
				CLANG_WARN_INT_CONVERSION = YES;
				CLANG_WARN_NON_LITERAL_NULL_CONVERSION = YES;
				CLANG_WARN_OBJC_IMPLICIT_RETAIN_SELF = YES;
				CLANG_WARN_OBJC_LITERAL_CONVERSION = YES;
				CLANG_WARN_OBJC_ROOT_CLASS = YES_ERROR;
				CLANG_WARN_QUOTED_INCLUDE_IN_FRAMEWORK_HEADER = YES;
				CLANG_WARN_RANGE_LOOP_ANALYSIS = YES;
				CLANG_WARN_STRICT_PROTOTYPES = YES;
				CLANG_WARN_SUSPICIOUS_MOVE = YES;
				CLANG_WARN_UNGUARDED_AVAILABILITY = YES_AGGRESSIVE;
				CLANG_WARN_UNREACHABLE_CODE = YES;
				CLANG_WARN__DUPLICATE_METHOD_MATCH = YES;
				COPY_PHASE_STRIP = NO;
				DEBUG_INFORMATION_FORMAT = "dwarf-with-dsym";
				ENABLE_NS_ASSERTIONS = NO;
				ENABLE_STRICT_OBJC_MSGSEND = YES;
				ENABLE_USER_SCRIPT_SANDBOXING = YES;
				GCC_C_LANGUAGE_STANDARD = gnu17;
				GCC_NO_COMMON_BLOCKS = YES;
				GCC_WARN_64_TO_32_BIT_CONVERSION = YES;
				GCC_WARN_ABOUT_RETURN_TYPE = YES_ERROR;
				GCC_WARN_UNDECLARED_SELECTOR = YES;
				GCC_WARN_UNINITIALIZED_AUTOS = YES_AGGRESSIVE;
				GCC_WARN_UNUSED_FUNCTION = YES;
				GCC_WARN_UNUSED_VARIABLE = YES;
				IPHONEOS_DEPLOYMENT_TARGET = 26.1;
				LOCALIZATION_PREFERS_STRING_CATALOGS = YES;
				MTL_ENABLE_DEBUG_INFO = NO;
				MTL_FAST_MATH = YES;
				SDKROOT = iphoneos;
				SWIFT_COMPILATION_MODE = wholemodule;
				VALIDATE_PRODUCT = YES;
			};
			name = Release;
		};
		8AF23C8B2EC63AA7007BE58E /* Debug */ = {
			isa = XCBuildConfiguration;
			buildSettings = {
				ASSETCATALOG_COMPILER_APPICON_NAME = AppIcon;
				ASSETCATALOG_COMPILER_GLOBAL_ACCENT_COLOR_NAME = AccentColor;
				CODE_SIGN_STYLE = Automatic;
				CURRENT_PROJECT_VERSION = 1;
				ENABLE_PREVIEWS = YES;
				GENERATE_INFOPLIST_FILE = YES;
				INFOPLIST_KEY_UIApplicationSceneManifest_Generation = YES;
				INFOPLIST_KEY_UIApplicationSupportsIndirectInputEvents = YES;
				INFOPLIST_KEY_UILaunchScreen_Generation = YES;
				INFOPLIST_KEY_UISupportedInterfaceOrientations_iPad = "UIInterfaceOrientationPortrait UIInterfaceOrientationPortraitUpsideDown UIInterfaceOrientationLandscapeLeft UIInterfaceOrientationLandscapeRight";
				INFOPLIST_KEY_UISupportedInterfaceOrientations_iPhone = "UIInterfaceOrientationPortrait UIInterfaceOrientationLandscapeLeft UIInterfaceOrientationLandscapeRight";
				IPHONEOS_DEPLOYMENT_TARGET = 18;
				LD_RUNPATH_SEARCH_PATHS = (
					"$(inherited)",
					"@executable_path/Frameworks",
				);
				MARKETING_VERSION = 1.0;
				PRODUCT_BUNDLE_IDENTIFIER = amr.CountryLookup;
				PRODUCT_NAME = "$(TARGET_NAME)";
				STRING_CATALOG_GENERATE_SYMBOLS = YES;
				SWIFT_APPROACHABLE_CONCURRENCY = YES;
				SWIFT_DEFAULT_ACTOR_ISOLATION = MainActor;
				SWIFT_EMIT_LOC_STRINGS = YES;
				SWIFT_UPCOMING_FEATURE_MEMBER_IMPORT_VISIBILITY = YES;
				SWIFT_VERSION = 5.0;
				TARGETED_DEVICE_FAMILY = "1,2";
			};
			name = Debug;
		};
		8AF23C8C2EC63AA7007BE58E /* Release */ = {
			isa = XCBuildConfiguration;
			buildSettings = {
				ASSETCATALOG_COMPILER_APPICON_NAME = AppIcon;
				ASSETCATALOG_COMPILER_GLOBAL_ACCENT_COLOR_NAME = AccentColor;
				CODE_SIGN_STYLE = Automatic;
				CURRENT_PROJECT_VERSION = 1;
				ENABLE_PREVIEWS = YES;
				GENERATE_INFOPLIST_FILE = YES;
				INFOPLIST_KEY_UIApplicationSceneManifest_Generation = YES;
				INFOPLIST_KEY_UIApplicationSupportsIndirectInputEvents = YES;
				INFOPLIST_KEY_UILaunchScreen_Generation = YES;
				INFOPLIST_KEY_UISupportedInterfaceOrientations_iPad = "UIInterfaceOrientationPortrait UIInterfaceOrientationPortraitUpsideDown UIInterfaceOrientationLandscapeLeft UIInterfaceOrientationLandscapeRight";
				INFOPLIST_KEY_UISupportedInterfaceOrientations_iPhone = "UIInterfaceOrientationPortrait UIInterfaceOrientationLandscapeLeft UIInterfaceOrientationLandscapeRight";
				IPHONEOS_DEPLOYMENT_TARGET = 18;
				LD_RUNPATH_SEARCH_PATHS = (
					"$(inherited)",
					"@executable_path/Frameworks",
				);
				MARKETING_VERSION = 1.0;
				PRODUCT_BUNDLE_IDENTIFIER = amr.CountryLookup;
				PRODUCT_NAME = "$(TARGET_NAME)";
				STRING_CATALOG_GENERATE_SYMBOLS = YES;
				SWIFT_APPROACHABLE_CONCURRENCY = YES;
				SWIFT_DEFAULT_ACTOR_ISOLATION = MainActor;
				SWIFT_EMIT_LOC_STRINGS = YES;
				SWIFT_UPCOMING_FEATURE_MEMBER_IMPORT_VISIBILITY = YES;
				SWIFT_VERSION = 5.0;
				TARGETED_DEVICE_FAMILY = "1,2";
			};
			name = Release;
		};
		8AF23C8E2EC63AA7007BE58E /* Debug */ = {
			isa = XCBuildConfiguration;
			buildSettings = {
				BUNDLE_LOADER = "$(TEST_HOST)";
				CODE_SIGN_STYLE = Automatic;
				CURRENT_PROJECT_VERSION = 1;
				GENERATE_INFOPLIST_FILE = YES;
				IPHONEOS_DEPLOYMENT_TARGET = 18;
				MARKETING_VERSION = 1.0;
				PRODUCT_BUNDLE_IDENTIFIER = amr.CountryLookupTests;
				PRODUCT_NAME = "$(TARGET_NAME)";
				STRING_CATALOG_GENERATE_SYMBOLS = NO;
				SWIFT_APPROACHABLE_CONCURRENCY = YES;
				SWIFT_EMIT_LOC_STRINGS = NO;
				SWIFT_UPCOMING_FEATURE_MEMBER_IMPORT_VISIBILITY = YES;
				SWIFT_VERSION = 5.0;
				TARGETED_DEVICE_FAMILY = "1,2";
				TEST_HOST = "$(BUILT_PRODUCTS_DIR)/CountryLookup.app/$(BUNDLE_EXECUTABLE_FOLDER_PATH)/CountryLookup";
			};
			name = Debug;
		};
		8AF23C8F2EC63AA7007BE58E /* Release */ = {
			isa = XCBuildConfiguration;
			buildSettings = {
				BUNDLE_LOADER = "$(TEST_HOST)";
				CODE_SIGN_STYLE = Automatic;
				CURRENT_PROJECT_VERSION = 1;
				GENERATE_INFOPLIST_FILE = YES;
				IPHONEOS_DEPLOYMENT_TARGET = 18;
				MARKETING_VERSION = 1.0;
				PRODUCT_BUNDLE_IDENTIFIER = amr.CountryLookupTests;
				PRODUCT_NAME = "$(TARGET_NAME)";
				STRING_CATALOG_GENERATE_SYMBOLS = NO;
				SWIFT_APPROACHABLE_CONCURRENCY = YES;
				SWIFT_EMIT_LOC_STRINGS = NO;
				SWIFT_UPCOMING_FEATURE_MEMBER_IMPORT_VISIBILITY = YES;
				SWIFT_VERSION = 5.0;
				TARGETED_DEVICE_FAMILY = "1,2";
				TEST_HOST = "$(BUILT_PRODUCTS_DIR)/CountryLookup.app/$(BUNDLE_EXECUTABLE_FOLDER_PATH)/CountryLookup";
			};
			name = Release;
		};
		8AF23C912EC63AA7007BE58E /* Debug */ = {
			isa = XCBuildConfiguration;
			buildSettings = {
				CODE_SIGN_STYLE = Automatic;
				CURRENT_PROJECT_VERSION = 1;
				GENERATE_INFOPLIST_FILE = YES;
				MARKETING_VERSION = 1.0;
				PRODUCT_BUNDLE_IDENTIFIER = amr.CountryLookupUITests;
				PRODUCT_NAME = "$(TARGET_NAME)";
				STRING_CATALOG_GENERATE_SYMBOLS = NO;
				SWIFT_APPROACHABLE_CONCURRENCY = YES;
				SWIFT_EMIT_LOC_STRINGS = NO;
				SWIFT_UPCOMING_FEATURE_MEMBER_IMPORT_VISIBILITY = YES;
				SWIFT_VERSION = 5.0;
				TARGETED_DEVICE_FAMILY = "1,2";
				TEST_TARGET_NAME = CountryLookup;
			};
			name = Debug;
		};
		8AF23C922EC63AA7007BE58E /* Release */ = {
			isa = XCBuildConfiguration;
			buildSettings = {
				CODE_SIGN_STYLE = Automatic;
				CURRENT_PROJECT_VERSION = 1;
				GENERATE_INFOPLIST_FILE = YES;
				MARKETING_VERSION = 1.0;
				PRODUCT_BUNDLE_IDENTIFIER = amr.CountryLookupUITests;
				PRODUCT_NAME = "$(TARGET_NAME)";
				STRING_CATALOG_GENERATE_SYMBOLS = NO;
				SWIFT_APPROACHABLE_CONCURRENCY = YES;
				SWIFT_EMIT_LOC_STRINGS = NO;
				SWIFT_UPCOMING_FEATURE_MEMBER_IMPORT_VISIBILITY = YES;
				SWIFT_VERSION = 5.0;
				TARGETED_DEVICE_FAMILY = "1,2";
				TEST_TARGET_NAME = CountryLookup;
			};
			name = Release;
		};
/* End XCBuildConfiguration section */

/* Begin XCConfigurationList section */
		8AF23C642EC63AA5007BE58E /* Build configuration list for PBXProject "CountryLookup" */ = {
			isa = XCConfigurationList;
			buildConfigurations = (
				8AF23C882EC63AA7007BE58E /* Debug */,
				8AF23C892EC63AA7007BE58E /* Release */,
			);
			defaultConfigurationIsVisible = 0;
			defaultConfigurationName = Release;
		};
		8AF23C8A2EC63AA7007BE58E /* Build configuration list for PBXNativeTarget "CountryLookup" */ = {
			isa = XCConfigurationList;
			buildConfigurations = (
				8AF23C8B2EC63AA7007BE58E /* Debug */,
				8AF23C8C2EC63AA7007BE58E /* Release */,
			);
			defaultConfigurationIsVisible = 0;
			defaultConfigurationName = Release;
		};
		8AF23C8D2EC63AA7007BE58E /* Build configuration list for PBXNativeTarget "CountryLookupTests" */ = {
			isa = XCConfigurationList;
			buildConfigurations = (
				8AF23C8E2EC63AA7007BE58E /* Debug */,
				8AF23C8F2EC63AA7007BE58E /* Release */,
			);
			defaultConfigurationIsVisible = 0;
			defaultConfigurationName = Release;
		};
		8AF23C902EC63AA7007BE58E /* Build configuration list for PBXNativeTarget "CountryLookupUITests" */ = {
			isa = XCConfigurationList;
			buildConfigurations = (
				8AF23C912EC63AA7007BE58E /* Debug */,
				8AF23C922EC63AA7007BE58E /* Release */,
			);
			defaultConfigurationIsVisible = 0;
			defaultConfigurationName = Release;
		};
/* End XCConfigurationList section */
	};
	rootObject = 8AF23C612EC63AA5007BE58E /* Project object */;
}
